
Microsoft Visual Studio Solution File, Format Version 12.00
# Visual Studio Version 17
VisualStudioVersion = 17.4.33103.184
MinimumVisualStudioVersion = 10.0.40219.1
Project("{FAE04EC0-301F-11D3-BF4B-00C04F79EFBC}") = "CSharp_Project_1.Repositories", "CSharp_Project_1.Repositories\CSharp_Project_1.Repositories.csproj", "{08D40DEA-C785-4E54-9A1D-D2F9658FE997}"
EndProject
Project("{FAE04EC0-301F-11D3-BF4B-00C04F79EFBC}") = "CSharp_Project_1.Mock", "CSharp_Project_1.Mock\CSharp_Project_1.Mock.csproj", "{77C6A2CC-EE97-4794-9C4F-E49F75B6600B}"
EndProject
Project("{FAE04EC0-301F-11D3-BF4B-00C04F79EFBC}") = "CSharp_Project_1.WebApi", "CSharp_Project_1.WebApi\CSharp_Project_1.WebApi.csproj", "{5BE599BF-4B66-4A40-A0D8-497D59C818A6}"
EndProject
Global
	GlobalSection(SolutionConfigurationPlatforms) = preSolution
		Debug|Any CPU = Debug|Any CPU
		Release|Any CPU = Release|Any CPU
	EndGlobalSection
	GlobalSection(ProjectConfigurationPlatforms) = postSolution
		{08D40DEA-C785-4E54-9A1D-D2F9658FE997}.Debug|Any CPU.ActiveCfg = Debug|Any CPU
		{08D40DEA-C785-4E54-9A1D-D2F9658FE997}.Debug|Any CPU.Build.0 = Debug|Any CPU
		{08D40DEA-C785-4E54-9A1D-D2F9658FE997}.Release|Any CPU.ActiveCfg = Release|Any CPU
		{08D40DEA-C785-4E54-9A1D-D2F9658FE997}.Release|Any CPU.Build.0 = Release|Any CPU
		{77C6A2CC-EE97-4794-9C4F-E49F75B6600B}.Debug|Any CPU.ActiveCfg = Debug|Any CPU
		{77C6A2CC-EE97-4794-9C4F-E49F75B6600B}.Debug|Any CPU.Build.0 = Debug|Any CPU
		{77C6A2CC-EE97-4794-9C4F-E49F75B6600B}.Release|Any CPU.ActiveCfg = Release|Any CPU
		{77C6A2CC-EE97-4794-9C4F-E49F75B6600B}.Release|Any CPU.Build.0 = Release|Any CPU
		{5BE599BF-4B66-4A40-A0D8-497D59C818A6}.Debug|Any CPU.ActiveCfg = Debug|Any CPU
		{5BE599BF-4B66-4A40-A0D8-497D59C818A6}.Debug|Any CPU.Build.0 = Debug|Any CPU
		{5BE599BF-4B66-4A40-A0D8-497D59C818A6}.Release|Any CPU.ActiveCfg = Release|Any CPU
		{5BE599BF-4B66-4A40-A0D8-497D59C818A6}.Release|Any CPU.Build.0 = Release|Any CPU
	EndGlobalSection
	GlobalSection(SolutionProperties) = preSolution
		HideSolutionNode = FALSE
	EndGlobalSection
	GlobalSection(ExtensibilityGlobals) = postSolution
		SolutionGuid = {7B684226-DC3F-48FB-A312-73F07B511485}
	EndGlobalSection
EndGlobal
